Microsoft Visual Studio Solution File, Format Version 11.00
# Visual Studio 2008

Project("{9C31E083-E837-8120-2F62-84FBFD68693E}") = "Patterns1", "Assembly-CSharp.csproj", "{18D0776B-0912-5C7D-A9BB-BB04C5A4F20E}"
EndProject
Global
	GlobalSection(SolutionConfigurationPlatforms) = preSolution
		Debug|Any CPU = Debug|Any CPU
		Release|Any CPU = Release|Any CPU
	EndGlobalSection
	GlobalSection(ProjectConfigurationPlatforms) = postSolution
		{18D0776B-0912-5C7D-A9BB-BB04C5A4F20E}.Debug|Any CPU.ActiveCfg = Debug|Any CPU
		{18D0776B-0912-5C7D-A9BB-BB04C5A4F20E}.Debug|Any CPU.Build.0 = Debug|Any CPU
		{18D0776B-0912-5C7D-A9BB-BB04C5A4F20E}.Release|Any CPU.ActiveCfg = Release|Any CPU
		{18D0776B-0912-5C7D-A9BB-BB04C5A4F20E}.Release|Any CPU.Build.0 = Release|Any CPU
	EndGlobalSection
	GlobalSection(SolutionProperties) = preSolution
		HideSolutionNode = FALSE
	EndGlobalSection
	GlobalSection(MonoDevelopProperties) = preSolution
		StartupItem = Assembly-CSharp.csproj
	EndGlobalSection
EndGlobal
